// !$*UTF8*$!
{
	archiveVersion = 1;
	classes = {
	};
	objectVersion = 52;
	objects = {

/* Begin PBXBuildFile section */
		22589C8E227AF052007C71A3 /* RNHeapInit.m in Sources */ = {isa = PBXBuildFile; fileRef = 22589C8C227AF051007C71A3 /* RNHeapInit.m */; };
		4DE526AA1ECD4A340059312E /* RNHeap.m in Sources */ = {isa = PBXBuildFile; fileRef = 4DE526A91ECD4A340059312E /* RNHeap.m */; };
		EBBEC90B2731C8C300CED306 /* Heap in Frameworks */ = {isa = PBXBuildFile; productRef = EBBEC90A2731C8C300CED306 /* Heap */; };
		EBBEC93F2731CB4100CED306 /* libReact.a in Frameworks */ = {isa = PBXBuildFile; fileRef = EBBEC9202731CB0300CED306 /* libReact.a */; };
/* End PBXBuildFile section */

/* Begin PBXContainerItemProxy section */
		EBBEC91F2731CB0300CED306 /* PBXContainerItemProxy */ = {
			isa = PBXContainerItemProxy;
			containerPortal = EBBEC90C2731CB0300CED306 /* React.xcodeproj */;
			proxyType = 2;
			remoteGlobalIDString = 83CBBA2E1A601D0E00E9B192;
			remoteInfo = React;
		};
		EBBEC9212731CB0300CED306 /* PBXContainerItemProxy */ = {
			isa = PBXContainerItemProxy;
			containerPortal = EBBEC90C2731CB0300CED306 /* React.xcodeproj */;
			proxyType = 2;
			remoteGlobalIDString = 2D2A28131D9B038B00D4039D;
			remoteInfo = "React-tvOS";
		};
		EBBEC9232731CB0300CED306 /* PBXContainerItemProxy */ = {
			isa = PBXContainerItemProxy;
			containerPortal = EBBEC90C2731CB0300CED306 /* React.xcodeproj */;
			proxyType = 2;
			remoteGlobalIDString = 3D3C059A1DE3340900C268FA;
			remoteInfo = yoga;
		};
		EBBEC9252731CB0300CED306 /* PBXContainerItemProxy */ = {
			isa = PBXContainerItemProxy;
			containerPortal = EBBEC90C2731CB0300CED306 /* React.xcodeproj */;
			proxyType = 2;
			remoteGlobalIDString = 3D3C06751DE3340C00C268FA;
			remoteInfo = "yoga-tvOS";
		};
		EBBEC9272731CB0300CED306 /* PBXContainerItemProxy */ = {
			isa = PBXContainerItemProxy;
			containerPortal = EBBEC90C2731CB0300CED306 /* React.xcodeproj */;
			proxyType = 2;
			remoteGlobalIDString = 3D3CD9251DE5FBEC00167DC4;
			remoteInfo = cxxreact;
		};
		EBBEC9292731CB0300CED306 /* PBXContainerItemProxy */ = {
			isa = PBXContainerItemProxy;
			containerPortal = EBBEC90C2731CB0300CED306 /* React.xcodeproj */;
			proxyType = 2;
			remoteGlobalIDString = 3D3CD9321DE5FBEE00167DC4;
			remoteInfo = "cxxreact-tvOS";
		};
		EBBEC92B2731CB0300CED306 /* PBXContainerItemProxy */ = {
			isa = PBXContainerItemProxy;
			containerPortal = EBBEC90C2731CB0300CED306 /* React.xcodeproj */;
			proxyType = 2;
			remoteGlobalIDString = 3D3CD90B1DE5FBD600167DC4;
			remoteInfo = jschelpers;
		};
		EBBEC92D2731CB0300CED306 /* PBXContainerItemProxy */ = {
			isa = PBXContainerItemProxy;
			containerPortal = EBBEC90C2731CB0300CED306 /* React.xcodeproj */;
			proxyType = 2;
			remoteGlobalIDString = 3D3CD9181DE5FBD800167DC4;
			remoteInfo = "jschelpers-tvOS";
		};
		EBBEC92F2731CB0300CED306 /* PBXContainerItemProxy */ = {
			isa = PBXContainerItemProxy;
			containerPortal = EBBEC90C2731CB0300CED306 /* React.xcodeproj */;
			proxyType = 2;
			remoteGlobalIDString = EBF21BDC1FC498900052F4D5;
			remoteInfo = jsinspector;
		};
		EBBEC9312731CB0300CED306 /* PBXContainerItemProxy */ = {
			isa = PBXContainerItemProxy;
			containerPortal = EBBEC90C2731CB0300CED306 /* React.xcodeproj */;
			proxyType = 2;
			remoteGlobalIDString = EBF21BFA1FC4989A0052F4D5;
			remoteInfo = "jsinspector-tvOS";
		};
		EBBEC9332731CB0300CED306 /* PBXContainerItemProxy */ = {
			isa = PBXContainerItemProxy;
			containerPortal = EBBEC90C2731CB0300CED306 /* React.xcodeproj */;
			proxyType = 2;
			remoteGlobalIDString = 139D7ECE1E25DB7D00323FB7;
			remoteInfo = "third-party";
		};
		EBBEC9352731CB0300CED306 /* PBXContainerItemProxy */ = {
			isa = PBXContainerItemProxy;
			containerPortal = EBBEC90C2731CB0300CED306 /* React.xcodeproj */;
			proxyType = 2;
			remoteGlobalIDString = 3D383D3C1EBD27B6005632C8;
			remoteInfo = "third-party-tvOS";
		};
		EBBEC9372731CB0300CED306 /* PBXContainerItemProxy */ = {
			isa = PBXContainerItemProxy;
			containerPortal = EBBEC90C2731CB0300CED306 /* React.xcodeproj */;
			proxyType = 2;
			remoteGlobalIDString = 139D7E881E25C6D100323FB7;
			remoteInfo = "double-conversion";
		};
		EBBEC9392731CB0300CED306 /* PBXContainerItemProxy */ = {
			isa = PBXContainerItemProxy;
			containerPortal = EBBEC90C2731CB0300CED306 /* React.xcodeproj */;
			proxyType = 2;
			remoteGlobalIDString = 3D383D621EBD27B9005632C8;
			remoteInfo = "double-conversion-tvOS";
		};
		EBBEC93B2731CB0300CED306 /* PBXContainerItemProxy */ = {
			isa = PBXContainerItemProxy;
			containerPortal = EBBEC90C2731CB0300CED306 /* React.xcodeproj */;
			proxyType = 2;
			remoteGlobalIDString = 9936F3131F5F2E4B0010BF04;
			remoteInfo = privatedata;
		};
		EBBEC93D2731CB0300CED306 /* PBXContainerItemProxy */ = {
			isa = PBXContainerItemProxy;
			containerPortal = EBBEC90C2731CB0300CED306 /* React.xcodeproj */;
			proxyType = 2;
			remoteGlobalIDString = 9936F32F1F5F2E5B0010BF04;
			remoteInfo = "privatedata-tvOS";
		};
/* End PBXContainerItemProxy section */

/* Begin PBXFileReference section */
		112EE36D1CC0AB8A00BF6BB8 /* libRNHeap.a */ = {isa = PBXFileReference; explicitFileType = archive.ar; includeInIndex = 0; path = libRNHeap.a; sourceTree = BUILT_PRODUCTS_DIR; };
		22589C8C227AF051007C71A3 /* RNHeapInit.m */ = {isa = PBXFileReference; fileEncoding = 4; lastKnownFileType = sourcecode.c.objc; path = RNHeapInit.m; sourceTree = "<group>"; };
		22589C8D227AF051007C71A3 /* RNHeapInit.h */ = {isa = PBXFileReference; fileEncoding = 4; lastKnownFileType = sourcecode.c.h; path = RNHeapInit.h; sourceTree = "<group>"; };
		22589C9D227AF332007C71A3 /* HeapSettings.bundle */ = {isa = PBXFileReference; lastKnownFileType = "wrapper.plug-in"; path = HeapSettings.bundle; sourceTree = "<group>"; };
		4DE526A81ECD4A340059312E /* RNHeap.h */ = {isa = PBXFileReference; fileEncoding = 4; lastKnownFileType = sourcecode.c.h; path = RNHeap.h; sourceTree = "<group>"; };
		4DE526A91ECD4A340059312E /* RNHeap.m */ = {isa = PBXFileReference; fileEncoding = 4; lastKnownFileType = sourcecode.c.objc; path = RNHeap.m; sourceTree = "<group>"; };
		EBBEC90C2731CB0300CED306 /* React.xcodeproj */ = {isa = PBXFileReference; lastKnownFileType = "wrapper.pb-project"; name = React.xcodeproj; path = "../node_modules/react-native/React/React.xcodeproj"; sourceTree = "<group>"; };
/* End PBXFileReference section */

/* Begin PBXFrameworksBuildPhase section */
		112EE36A1CC0AB8A00BF6BB8 /* Frameworks */ = {
			isa = PBXFrameworksBuildPhase;
			buildActionMask = 2147483647;
			files = (
				EBBEC93F2731CB4100CED306 /* libReact.a in Frameworks */,
				EBBEC90B2731C8C300CED306 /* Heap in Frameworks */,
			);
			runOnlyForDeploymentPostprocessing = 0;
		};
/* End PBXFrameworksBuildPhase section */

/* Begin PBXGroup section */
		112EE3641CC0AB8A00BF6BB8 = {
			isa = PBXGroup;
			children = (
				4DE526A81ECD4A340059312E /* RNHeap.h */,
				4DE526A91ECD4A340059312E /* RNHeap.m */,
				22589C8D227AF051007C71A3 /* RNHeapInit.h */,
				22589C8C227AF051007C71A3 /* RNHeapInit.m */,
				22589C9D227AF332007C71A3 /* HeapSettings.bundle */,
				21C146AA224AEB1500764BE4 /* Frameworks */,
				112EE36E1CC0AB8A00BF6BB8 /* Products */,
			);
			sourceTree = "<group>";
		};
		112EE36E1CC0AB8A00BF6BB8 /* Products */ = {
			isa = PBXGroup;
			children = (
				112EE36D1CC0AB8A00BF6BB8 /* libRNHeap.a */,
			);
			name = Products;
			sourceTree = "<group>";
		};
		21C146AA224AEB1500764BE4 /* Frameworks */ = {
			isa = PBXGroup;
			children = (
				EBBEC90C2731CB0300CED306 /* React.xcodeproj */,
			);
			name = Frameworks;
			sourceTree = "<group>";
		};
		EBBEC90D2731CB0300CED306 /* Products */ = {
			isa = PBXGroup;
			children = (
				EBBEC9202731CB0300CED306 /* libReact.a */,
				EBBEC9222731CB0300CED306 /* libReact.a */,
				EBBEC9242731CB0300CED306 /* libyoga.a */,
				EBBEC9262731CB0300CED306 /* libyoga.a */,
				EBBEC9282731CB0300CED306 /* libcxxreact.a */,
				EBBEC92A2731CB0300CED306 /* libcxxreact.a */,
				EBBEC92C2731CB0300CED306 /* libjschelpers.a */,
				EBBEC92E2731CB0300CED306 /* libjschelpers.a */,
				EBBEC9302731CB0300CED306 /* libjsinspector.a */,
				EBBEC9322731CB0300CED306 /* libjsinspector-tvOS.a */,
				EBBEC9342731CB0300CED306 /* libthird-party.a */,
				EBBEC9362731CB0300CED306 /* libthird-party.a */,
				EBBEC9382731CB0300CED306 /* libdouble-conversion.a */,
				EBBEC93A2731CB0300CED306 /* libdouble-conversion.a */,
				EBBEC93C2731CB0300CED306 /* libprivatedata.a */,
				EBBEC93E2731CB0300CED306 /* libprivatedata-tvOS.a */,
			);
			name = Products;
			sourceTree = "<group>";
		};
/* End PBXGroup section */

/* Begin PBXNativeTarget section */
		112EE36C1CC0AB8A00BF6BB8 /* RNHeap */ = {
			isa = PBXNativeTarget;
			buildConfigurationList = 112EE3761CC0AB8A00BF6BB8 /* Build configuration list for PBXNativeTarget "RNHeap" */;
			buildPhases = (
				22589C8B227AEEE8007C71A3 /* ShellScript */,
				112EE3691CC0AB8A00BF6BB8 /* Sources */,
				112EE36A1CC0AB8A00BF6BB8 /* Frameworks */,
			);
			buildRules = (
			);
			dependencies = (
			);
			name = RNHeap;
			packageProductDependencies = (
				EBBEC90A2731C8C300CED306 /* Heap */,
			);
			productName = RNUXCam;
			productReference = 112EE36D1CC0AB8A00BF6BB8 /* libRNHeap.a */;
			productType = "com.apple.product-type.library.static";
		};
/* End PBXNativeTarget section */

/* Begin PBXProject section */
		112EE3651CC0AB8A00BF6BB8 /* Project object */ = {
			isa = PBXProject;
			attributes = {
				LastUpgradeCheck = 0800;
				ORGANIZATIONNAME = Heap;
				TargetAttributes = {
					112EE36C1CC0AB8A00BF6BB8 = {
						CreatedOnToolsVersion = 7.3;
					};
				};
			};
			buildConfigurationList = 112EE3681CC0AB8A00BF6BB8 /* Build configuration list for PBXProject "RNHeap" */;
			compatibilityVersion = "Xcode 3.2";
			developmentRegion = English;
			hasScannedForEncodings = 0;
			knownRegions = (
				English,
				en,
			);
			mainGroup = 112EE3641CC0AB8A00BF6BB8;
			packageReferences = (
				EBBEC9092731C8C300CED306 /* XCRemoteSwiftPackageReference "heap-ios-sdk" */,
			);
			productRefGroup = 112EE36E1CC0AB8A00BF6BB8 /* Products */;
			projectDirPath = "";
			projectReferences = (
				{
					ProductGroup = EBBEC90D2731CB0300CED306 /* Products */;
					ProjectRef = EBBEC90C2731CB0300CED306 /* React.xcodeproj */;
				},
			);
			projectRoot = "";
			targets = (
				112EE36C1CC0AB8A00BF6BB8 /* RNHeap */,
			);
		};
/* End PBXProject section */

/* Begin PBXReferenceProxy section */
		EBBEC9202731CB0300CED306 /* libReact.a */ = {
			isa = PBXReferenceProxy;
			fileType = archive.ar;
			path = libReact.a;
			remoteRef = EBBEC91F2731CB0300CED306 /* PBXContainerItemProxy */;
			sourceTree = BUILT_PRODUCTS_DIR;
		};
		EBBEC9222731CB0300CED306 /* libReact.a */ = {
			isa = PBXReferenceProxy;
			fileType = archive.ar;
			path = libReact.a;
			remoteRef = EBBEC9212731CB0300CED306 /* PBXContainerItemProxy */;
			sourceTree = BUILT_PRODUCTS_DIR;
		};
		EBBEC9242731CB0300CED306 /* libyoga.a */ = {
			isa = PBXReferenceProxy;
			fileType = archive.ar;
			path = libyoga.a;
			remoteRef = EBBEC9232731CB0300CED306 /* PBXContainerItemProxy */;
			sourceTree = BUILT_PRODUCTS_DIR;
		};
		EBBEC9262731CB0300CED306 /* libyoga.a */ = {
			isa = PBXReferenceProxy;
			fileType = archive.ar;
			path = libyoga.a;
			remoteRef = EBBEC9252731CB0300CED306 /* PBXContainerItemProxy */;
			sourceTree = BUILT_PRODUCTS_DIR;
		};
		EBBEC9282731CB0300CED306 /* libcxxreact.a */ = {
			isa = PBXReferenceProxy;
			fileType = archive.ar;
			path = libcxxreact.a;
			remoteRef = EBBEC9272731CB0300CED306 /* PBXContainerItemProxy */;
			sourceTree = BUILT_PRODUCTS_DIR;
		};
		EBBEC92A2731CB0300CED306 /* libcxxreact.a */ = {
			isa = PBXReferenceProxy;
			fileType = archive.ar;
			path = libcxxreact.a;
			remoteRef = EBBEC9292731CB0300CED306 /* PBXContainerItemProxy */;
			sourceTree = BUILT_PRODUCTS_DIR;
		};
		EBBEC92C2731CB0300CED306 /* libjschelpers.a */ = {
			isa = PBXReferenceProxy;
			fileType = archive.ar;
			path = libjschelpers.a;
			remoteRef = EBBEC92B2731CB0300CED306 /* PBXContainerItemProxy */;
			sourceTree = BUILT_PRODUCTS_DIR;
		};
		EBBEC92E2731CB0300CED306 /* libjschelpers.a */ = {
			isa = PBXReferenceProxy;
			fileType = archive.ar;
			path = libjschelpers.a;
			remoteRef = EBBEC92D2731CB0300CED306 /* PBXContainerItemProxy */;
			sourceTree = BUILT_PRODUCTS_DIR;
		};
		EBBEC9302731CB0300CED306 /* libjsinspector.a */ = {
			isa = PBXReferenceProxy;
			fileType = archive.ar;
			path = libjsinspector.a;
			remoteRef = EBBEC92F2731CB0300CED306 /* PBXContainerItemProxy */;
			sourceTree = BUILT_PRODUCTS_DIR;
		};
		EBBEC9322731CB0300CED306 /* libjsinspector-tvOS.a */ = {
			isa = PBXReferenceProxy;
			fileType = archive.ar;
			path = "libjsinspector-tvOS.a";
			remoteRef = EBBEC9312731CB0300CED306 /* PBXContainerItemProxy */;
			sourceTree = BUILT_PRODUCTS_DIR;
		};
		EBBEC9342731CB0300CED306 /* libthird-party.a */ = {
			isa = PBXReferenceProxy;
			fileType = archive.ar;
			path = "libthird-party.a";
			remoteRef = EBBEC9332731CB0300CED306 /* PBXContainerItemProxy */;
			sourceTree = BUILT_PRODUCTS_DIR;
		};
		EBBEC9362731CB0300CED306 /* libthird-party.a */ = {
			isa = PBXReferenceProxy;
			fileType = archive.ar;
			path = "libthird-party.a";
			remoteRef = EBBEC9352731CB0300CED306 /* PBXContainerItemProxy */;
			sourceTree = BUILT_PRODUCTS_DIR;
		};
		EBBEC9382731CB0300CED306 /* libdouble-conversion.a */ = {
			isa = PBXReferenceProxy;
			fileType = archive.ar;
			path = "libdouble-conversion.a";
			remoteRef = EBBEC9372731CB0300CED306 /* PBXContainerItemProxy */;
			sourceTree = BUILT_PRODUCTS_DIR;
		};
		EBBEC93A2731CB0300CED306 /* libdouble-conversion.a */ = {
			isa = PBXReferenceProxy;
			fileType = archive.ar;
			path = "libdouble-conversion.a";
			remoteRef = EBBEC9392731CB0300CED306 /* PBXContainerItemProxy */;
			sourceTree = BUILT_PRODUCTS_DIR;
		};
		EBBEC93C2731CB0300CED306 /* libprivatedata.a */ = {
			isa = PBXReferenceProxy;
			fileType = archive.ar;
			path = libprivatedata.a;
			remoteRef = EBBEC93B2731CB0300CED306 /* PBXContainerItemProxy */;
			sourceTree = BUILT_PRODUCTS_DIR;
		};
		EBBEC93E2731CB0300CED306 /* libprivatedata-tvOS.a */ = {
			isa = PBXReferenceProxy;
			fileType = archive.ar;
			path = "libprivatedata-tvOS.a";
			remoteRef = EBBEC93D2731CB0300CED306 /* PBXContainerItemProxy */;
			sourceTree = BUILT_PRODUCTS_DIR;
		};
/* End PBXReferenceProxy section */

/* Begin PBXShellScriptBuildPhase section */
		22589C8B227AEEE8007C71A3 /* ShellScript */ = {
			isa = PBXShellScriptBuildPhase;
			buildActionMask = 2147483647;
			files = (
			);
			inputFileListPaths = (
			);
			inputPaths = (
			);
			outputFileListPaths = (
			);
			outputPaths = (
			);
			runOnlyForDeploymentPostprocessing = 0;
			shellPath = /bin/bash;
			shellScript = "# pwd is <client_app>/node_modules/@heap/react-native-heap/ios\n\nHeapSettings.bundle/generate_settings_non_cocoapods.rb\n";
		};
/* End PBXShellScriptBuildPhase section */

/* Begin PBXSourcesBuildPhase section */
		112EE3691CC0AB8A00BF6BB8 /* Sources */ = {
			isa = PBXSourcesBuildPhase;
			buildActionMask = 2147483647;
			files = (
				4DE526AA1ECD4A340059312E /* RNHeap.m in Sources */,
				22589C8E227AF052007C71A3 /* RNHeapInit.m in Sources */,
			);
			runOnlyForDeploymentPostprocessing = 0;
		};
/* End PBXSourcesBuildPhase section */

/* Begin XCBuildConfiguration section */
		112EE3741CC0AB8A00BF6BB8 /* Debug */ = {
			isa = XCBuildConfiguration;
			buildSettings = {
				ALWAYS_SEARCH_USER_PATHS = NO;
				CLANG_ANALYZER_NONNULL = YES;
				CLANG_CXX_LANGUAGE_STANDARD = "gnu++0x";
				CLANG_CXX_LIBRARY = "libc++";
				CLANG_ENABLE_MODULES = YES;
				CLANG_ENABLE_OBJC_ARC = YES;
				CLANG_WARN_BOOL_CONVERSION = YES;
				CLANG_WARN_CONSTANT_CONVERSION = YES;
				CLANG_WARN_DIRECT_OBJC_ISA_USAGE = YES_ERROR;
				CLANG_WARN_EMPTY_BODY = YES;
				CLANG_WARN_ENUM_CONVERSION = YES;
				CLANG_WARN_INFINITE_RECURSION = YES;
				CLANG_WARN_INT_CONVERSION = YES;
				CLANG_WARN_OBJC_ROOT_CLASS = YES_ERROR;
				CLANG_WARN_SUSPICIOUS_MOVE = YES;
				CLANG_WARN_UNREACHABLE_CODE = YES;
				CLANG_WARN__DUPLICATE_METHOD_MATCH = YES;
				"CODE_SIGN_IDENTITY[sdk=iphoneos*]" = "iPhone Developer";
				COPY_PHASE_STRIP = NO;
				DEBUG_INFORMATION_FORMAT = dwarf;
				ENABLE_STRICT_OBJC_MSGSEND = YES;
				ENABLE_TESTABILITY = YES;
				GCC_C_LANGUAGE_STANDARD = gnu99;
				GCC_DYNAMIC_NO_PIC = NO;
				GCC_NO_COMMON_BLOCKS = YES;
				GCC_OPTIMIZATION_LEVEL = 0;
				GCC_PREPROCESSOR_DEFINITIONS = (
					"DEBUG=1",
					"$(inherited)",
				);
				GCC_WARN_64_TO_32_BIT_CONVERSION = YES;
				GCC_WARN_ABOUT_RETURN_TYPE = YES_ERROR;
				GCC_WARN_UNDECLARED_SELECTOR = YES;
				GCC_WARN_UNINITIALIZED_AUTOS = YES_AGGRESSIVE;
				GCC_WARN_UNUSED_FUNCTION = YES;
				GCC_WARN_UNUSED_VARIABLE = YES;
				IPHONEOS_DEPLOYMENT_TARGET = 8.0;
				MTL_ENABLE_DEBUG_INFO = YES;
				ONLY_ACTIVE_ARCH = YES;
				SDKROOT = iphoneos;
			};
			name = Debug;
		};
		112EE3751CC0AB8A00BF6BB8 /* Release */ = {
			isa = XCBuildConfiguration;
			buildSettings = {
				ALWAYS_SEARCH_USER_PATHS = NO;
				CLANG_ANALYZER_NONNULL = YES;
				CLANG_CXX_LANGUAGE_STANDARD = "gnu++0x";
				CLANG_CXX_LIBRARY = "libc++";
				CLANG_ENABLE_MODULES = YES;
				CLANG_ENABLE_OBJC_ARC = YES;
				CLANG_WARN_BOOL_CONVERSION = YES;
				CLANG_WARN_CONSTANT_CONVERSION = YES;
				CLANG_WARN_DIRECT_OBJC_ISA_USAGE = YES_ERROR;
				CLANG_WARN_EMPTY_BODY = YES;
				CLANG_WARN_ENUM_CONVERSION = YES;
				CLANG_WARN_INFINITE_RECURSION = YES;
				CLANG_WARN_INT_CONVERSION = YES;
				CLANG_WARN_OBJC_ROOT_CLASS = YES_ERROR;
				CLANG_WARN_SUSPICIOUS_MOVE = YES;
				CLANG_WARN_UNREACHABLE_CODE = YES;
				CLANG_WARN__DUPLICATE_METHOD_MATCH = YES;
				"CODE_SIGN_IDENTITY[sdk=iphoneos*]" = "iPhone Developer";
				COPY_PHASE_STRIP = NO;
				DEBUG_INFORMATION_FORMAT = "dwarf-with-dsym";
				ENABLE_NS_ASSERTIONS = NO;
				ENABLE_STRICT_OBJC_MSGSEND = YES;
				GCC_C_LANGUAGE_STANDARD = gnu99;
				GCC_NO_COMMON_BLOCKS = YES;
				GCC_WARN_64_TO_32_BIT_CONVERSION = YES;
				GCC_WARN_ABOUT_RETURN_TYPE = YES_ERROR;
				GCC_WARN_UNDECLARED_SELECTOR = YES;
				GCC_WARN_UNINITIALIZED_AUTOS = YES_AGGRESSIVE;
				GCC_WARN_UNUSED_FUNCTION = YES;
				GCC_WARN_UNUSED_VARIABLE = YES;
				IPHONEOS_DEPLOYMENT_TARGET = 8.0;
				MTL_ENABLE_DEBUG_INFO = NO;
				SDKROOT = iphoneos;
				VALIDATE_PRODUCT = YES;
			};
			name = Release;
		};
		112EE3771CC0AB8A00BF6BB8 /* Debug */ = {
			isa = XCBuildConfiguration;
			buildSettings = {
				FRAMEWORK_SEARCH_PATHS = (
					"$(inherited)",
					"$(SRCROOT)/../../../ios/**",
					"$(SRCROOT)/../../../apps/student/clients/ios/**",
				);
				HEADER_SEARCH_PATHS = (
					"$(inherited)",
					/Applications/Xcode.app/Contents/Developer/Toolchains/XcodeDefault.xctoolchain/usr/include,
					"$(SRCROOT)/Vendor",
					"$(SRCROOT)/../react-native/React/**",
					"$(SRCROOT)/node_modules/react-native/React/**",
					"$(SRCROOT)/../../../node_modules/react-native/React/**",
				);
				LIBRARY_SEARCH_PATHS = (
					"$(inherited)",
					"$(PROJECT_DIR)",
					"$(PROJECT_DIR)/Vendor",
				);
				OTHER_LDFLAGS = "-ObjC";
				PRODUCT_NAME = "$(TARGET_NAME)";
				SKIP_INSTALL = YES;
			};
			name = Debug;
		};
		112EE3781CC0AB8A00BF6BB8 /* Release */ = {
			isa = XCBuildConfiguration;
			buildSettings = {
				FRAMEWORK_SEARCH_PATHS = (
					"$(inherited)",
					"$(SRCROOT)/../../../ios/**",
					"$(SRCROOT)/../../../apps/student/clients/ios/**",
				);
				HEADER_SEARCH_PATHS = (
					"$(inherited)",
					/Applications/Xcode.app/Contents/Developer/Toolchains/XcodeDefault.xctoolchain/usr/include,
					"$(SRCROOT)/Vendor",
					"$(SRCROOT)/../react-native/React/**",
					"$(SRCROOT)/node_modules/react-native/React/**",
					"$(SRCROOT)/../../../node_modules/react-native/React/**",
				);
				LIBRARY_SEARCH_PATHS = (
					"$(inherited)",
					"$(PROJECT_DIR)",
					"$(PROJECT_DIR)/Vendor",
				);
				OTHER_LDFLAGS = "-ObjC";
				PRODUCT_NAME = "$(TARGET_NAME)";
				SKIP_INSTALL = YES;
			};
			name = Release;
		};
/* End XCBuildConfiguration section */

/* Begin XCConfigurationList section */
		112EE3681CC0AB8A00BF6BB8 /* Build configuration list for PBXProject "RNHeap" */ = {
			isa = XCConfigurationList;
			buildConfigurations = (
				112EE3741CC0AB8A00BF6BB8 /* Debug */,
				112EE3751CC0AB8A00BF6BB8 /* Release */,
			);
			defaultConfigurationIsVisible = 0;
			defaultConfigurationName = Release;
		};
		112EE3761CC0AB8A00BF6BB8 /* Build configuration list for PBXNativeTarget "RNHeap" */ = {
			isa = XCConfigurationList;
			buildConfigurations = (
				112EE3771CC0AB8A00BF6BB8 /* Debug */,
				112EE3781CC0AB8A00BF6BB8 /* Release */,
			);
			defaultConfigurationIsVisible = 0;
			defaultConfigurationName = Release;
		};
/* End XCConfigurationList section */

/* Begin XCRemoteSwiftPackageReference section */
		EBBEC9092731C8C300CED306 /* XCRemoteSwiftPackageReference "heap-ios-sdk" */ = {
			isa = XCRemoteSwiftPackageReference;
			repositoryURL = "https://github.com/heap/heap-ios-sdk.git";
			requirement = {
				kind = exactVersion;
				version = 8.0.0;
			};
		};
/* End XCRemoteSwiftPackageReference section */

/* Begin XCSwiftPackageProductDependency section */
		EBBEC90A2731C8C300CED306 /* Heap */ = {
			isa = XCSwiftPackageProductDependency;
			package = EBBEC9092731C8C300CED306 /* XCRemoteSwiftPackageReference "heap-ios-sdk" */;
			productName = Heap;
		};
/* End XCSwiftPackageProductDependency section */
	};
	rootObject = 112EE3651CC0AB8A00BF6BB8 /* Project object */;
}
